
Microsoft Visual Studio Solution File, Format Version 12.00
# Visual Studio 14
VisualStudioVersion = 14.0.25420.1
MinimumVisualStudioVersion = 10.0.40219.1
Project("{2150E333-8FDC-42A3-9474-1A3956D46DE8}") = "src", "src", "{55E4B544-150C-4C08-9D98-D4358B0E255F}"
EndProject
Project("{2150E333-8FDC-42A3-9474-1A3956D46DE8}") = "Solution Items", "Solution Items", "{127FB0BF-33F9-4CC2-8D30-49B3024A3006}"
	ProjectSection(SolutionItems) = preProject
		global.json = global.json
	EndProjectSection
EndProject
Project("{8BB2217D-0F2D-49D1-97BC-3654ED321F3B}") = "GulpDemoNetCore", "src\GulpDemoNetCore\GulpDemoNetCore.xproj", "{C8B7006F-3AF6-48F8-9C5A-691BED842778}"
EndProject
Project("{8BB2217D-0F2D-49D1-97BC-3654ED321F3B}") = "GruntDemoNetCore", "src\GruntDemoNetCore\GruntDemoNetCore.xproj", "{A0567606-0CBF-4607-8B2E-49CD5F6346F9}"
EndProject
Global
	GlobalSection(SolutionConfigurationPlatforms) = preSolution
		Debug|Any CPU = Debug|Any CPU
		Release|Any CPU = Release|Any CPU
	EndGlobalSection
	GlobalSection(ProjectConfigurationPlatforms) = postSolution
		{C8B7006F-3AF6-48F8-9C5A-691BED842778}.Debug|Any CPU.ActiveCfg = Debug|Any CPU
		{C8B7006F-3AF6-48F8-9C5A-691BED842778}.Debug|Any CPU.Build.0 = Debug|Any CPU
		{C8B7006F-3AF6-48F8-9C5A-691BED842778}.Release|Any CPU.ActiveCfg = Release|Any CPU
		{C8B7006F-3AF6-48F8-9C5A-691BED842778}.Release|Any CPU.Build.0 = Release|Any CPU
		{A0567606-0CBF-4607-8B2E-49CD5F6346F9}.Debug|Any CPU.ActiveCfg = Debug|Any CPU
		{A0567606-0CBF-4607-8B2E-49CD5F6346F9}.Debug|Any CPU.Build.0 = Debug|Any CPU
		{A0567606-0CBF-4607-8B2E-49CD5F6346F9}.Release|Any CPU.ActiveCfg = Release|Any CPU
		{A0567606-0CBF-4607-8B2E-49CD5F6346F9}.Release|Any CPU.Build.0 = Release|Any CPU
	EndGlobalSection
	GlobalSection(SolutionProperties) = preSolution
		HideSolutionNode = FALSE
	EndGlobalSection
	GlobalSection(NestedProjects) = preSolution
		{C8B7006F-3AF6-48F8-9C5A-691BED842778} = {55E4B544-150C-4C08-9D98-D4358B0E255F}
		{A0567606-0CBF-4607-8B2E-49CD5F6346F9} = {55E4B544-150C-4C08-9D98-D4358B0E255F}
	EndGlobalSection
EndGlobal
